Microsoft Visual Studio Solution File, Format Version 11.00
# Visual Studio 2008

Project("{EF95F8DA-AA2E-02CE-626C-24855E68A5AF}") = "TurboRuuner(14042017)", "Assembly-CSharp-firstpass.csproj", "{EC67894A-EED0-88B4-2675-22461D14B6DC}"
EndProject
Project("{EF95F8DA-AA2E-02CE-626C-24855E68A5AF}") = "TurboRuuner(14042017)", "Assembly-CSharp.csproj", "{F23017AC-64B5-9A51-E528-D0ED2760AC40}"
EndProject
Project("{EF95F8DA-AA2E-02CE-626C-24855E68A5AF}") = "TurboRuuner(14042017)", "Assembly-CSharp-Editor-firstpass.csproj", "{FAAE2050-0B37-8EE9-7702-A586450F723F}"
EndProject
Project("{EF95F8DA-AA2E-02CE-626C-24855E68A5AF}") = "TurboRuuner(14042017)", "Assembly-CSharp-Editor.csproj", "{E11589F5-AAB1-2553-1C0D-CAC75C8487FD}"
EndProject
Global
	GlobalSection(SolutionConfigurationPlatforms) = preSolution
		Debug|Any CPU = Debug|Any CPU
		Release|Any CPU = Release|Any CPU
	EndGlobalSection
	GlobalSection(ProjectConfigurationPlatforms) = postSolution
		{EC67894A-EED0-88B4-2675-22461D14B6DC}.Debug|Any CPU.ActiveCfg = Debug|Any CPU
		{EC67894A-EED0-88B4-2675-22461D14B6DC}.Debug|Any CPU.Build.0 = Debug|Any CPU
		{EC67894A-EED0-88B4-2675-22461D14B6DC}.Release|Any CPU.ActiveCfg = Release|Any CPU
		{EC67894A-EED0-88B4-2675-22461D14B6DC}.Release|Any CPU.Build.0 = Release|Any CPU
		{F23017AC-64B5-9A51-E528-D0ED2760AC40}.Debug|Any CPU.ActiveCfg = Debug|Any CPU
		{F23017AC-64B5-9A51-E528-D0ED2760AC40}.Debug|Any CPU.Build.0 = Debug|Any CPU
		{F23017AC-64B5-9A51-E528-D0ED2760AC40}.Release|Any CPU.ActiveCfg = Release|Any CPU
		{F23017AC-64B5-9A51-E528-D0ED2760AC40}.Release|Any CPU.Build.0 = Release|Any CPU
		{FAAE2050-0B37-8EE9-7702-A586450F723F}.Debug|Any CPU.ActiveCfg = Debug|Any CPU
		{FAAE2050-0B37-8EE9-7702-A586450F723F}.Debug|Any CPU.Build.0 = Debug|Any CPU
		{FAAE2050-0B37-8EE9-7702-A586450F723F}.Release|Any CPU.ActiveCfg = Release|Any CPU
		{FAAE2050-0B37-8EE9-7702-A586450F723F}.Release|Any CPU.Build.0 = Release|Any CPU
		{E11589F5-AAB1-2553-1C0D-CAC75C8487FD}.Debug|Any CPU.ActiveCfg = Debug|Any CPU
		{E11589F5-AAB1-2553-1C0D-CAC75C8487FD}.Debug|Any CPU.Build.0 = Debug|Any CPU
		{E11589F5-AAB1-2553-1C0D-CAC75C8487FD}.Release|Any CPU.ActiveCfg = Release|Any CPU
		{E11589F5-AAB1-2553-1C0D-CAC75C8487FD}.Release|Any CPU.Build.0 = Release|Any CPU
	EndGlobalSection
	GlobalSection(SolutionProperties) = preSolution
		HideSolutionNode = FALSE
	EndGlobalSection
	GlobalSection(MonoDevelopProperties) = preSolution
		StartupItem = Assembly-CSharp.csproj
	EndGlobalSection
EndGlobal
