
Microsoft Visual Studio Solution File, Format Version 12.00
# Visual Studio 2015
Project("{FAE04EC0-301F-11D3-BF4B-00C04F79EFBC}") = "TurboRuuner(19042017).CSharp.Plugins", "TurboRuuner(19042017).CSharp.Plugins.csproj", "{DD8B5025-EB4E-F11E-641F-8420DB51A096}"
EndProject
Project("{FAE04EC0-301F-11D3-BF4B-00C04F79EFBC}") = "TurboRuuner(19042017).CSharp", "TurboRuuner(19042017).CSharp.csproj", "{9A500D17-4B56-D459-DA06-F5A3CD391A74}"
EndProject
Project("{FAE04EC0-301F-11D3-BF4B-00C04F79EFBC}") = "TurboRuuner(19042017).CSharp.Editor.Plugins", "TurboRuuner(19042017).CSharp.Editor.Plugins.csproj", "{632B011F-A2DB-0511-B035-68A424A55CE9}"
EndProject
Project("{FAE04EC0-301F-11D3-BF4B-00C04F79EFBC}") = "TurboRuuner(19042017).CSharp.Editor", "TurboRuuner(19042017).CSharp.Editor.csproj", "{47A4B41A-4B21-5B46-7ABD-CD8062D37C82}"
EndProject
Global
	GlobalSection(SolutionConfigurationPlatforms) = preSolution
		Debug|Any CPU = Debug|Any CPU
		Release|Any CPU = Release|Any CPU
	EndGlobalSection
	GlobalSection(ProjectConfigurationPlatforms) = postSolution
		{DD8B5025-EB4E-F11E-641F-8420DB51A096}.Debug|Any CPU.ActiveCfg = Debug|Any CPU
		{DD8B5025-EB4E-F11E-641F-8420DB51A096}.Debug|Any CPU.Build.0 = Debug|Any CPU
		{DD8B5025-EB4E-F11E-641F-8420DB51A096}.Release|Any CPU.ActiveCfg = Release|Any CPU
		{DD8B5025-EB4E-F11E-641F-8420DB51A096}.Release|Any CPU.Build.0 = Release|Any CPU
		{9A500D17-4B56-D459-DA06-F5A3CD391A74}.Debug|Any CPU.ActiveCfg = Debug|Any CPU
		{9A500D17-4B56-D459-DA06-F5A3CD391A74}.Debug|Any CPU.Build.0 = Debug|Any CPU
		{9A500D17-4B56-D459-DA06-F5A3CD391A74}.Release|Any CPU.ActiveCfg = Release|Any CPU
		{9A500D17-4B56-D459-DA06-F5A3CD391A74}.Release|Any CPU.Build.0 = Release|Any CPU
		{632B011F-A2DB-0511-B035-68A424A55CE9}.Debug|Any CPU.ActiveCfg = Debug|Any CPU
		{632B011F-A2DB-0511-B035-68A424A55CE9}.Debug|Any CPU.Build.0 = Debug|Any CPU
		{632B011F-A2DB-0511-B035-68A424A55CE9}.Release|Any CPU.ActiveCfg = Release|Any CPU
		{632B011F-A2DB-0511-B035-68A424A55CE9}.Release|Any CPU.Build.0 = Release|Any CPU
		{47A4B41A-4B21-5B46-7ABD-CD8062D37C82}.Debug|Any CPU.ActiveCfg = Debug|Any CPU
		{47A4B41A-4B21-5B46-7ABD-CD8062D37C82}.Debug|Any CPU.Build.0 = Debug|Any CPU
		{47A4B41A-4B21-5B46-7ABD-CD8062D37C82}.Release|Any CPU.ActiveCfg = Release|Any CPU
		{47A4B41A-4B21-5B46-7ABD-CD8062D37C82}.Release|Any CPU.Build.0 = Release|Any CPU
	EndGlobalSection
	GlobalSection(SolutionProperties) = preSolution
		HideSolutionNode = FALSE
	EndGlobalSection
EndGlobal
