
Microsoft Visual Studio Solution File, Format Version 12.00
# Visual Studio 2017
Project("{FAE04EC0-301F-11D3-BF4B-00C04F79EFBC}") = "TurboRuuner.Plugins", "TurboRuuner.Plugins.csproj", "{BF1C145E-5FEB-D7A4-140B-C6D66F67BDFA}"
EndProject
Project("{FAE04EC0-301F-11D3-BF4B-00C04F79EFBC}") = "TurboRuuner", "TurboRuuner.csproj", "{B740D328-6BD0-E7C2-2401-34467FD8118A}"
EndProject
Project("{FAE04EC0-301F-11D3-BF4B-00C04F79EFBC}") = "TurboRuuner.Editor.Plugins", "TurboRuuner.Editor.Plugins.csproj", "{9C737939-8B63-208C-B4B6-97C8C8888980}"
EndProject
Global
	GlobalSection(SolutionConfigurationPlatforms) = preSolution
		Debug|Any CPU = Debug|Any CPU
		Release|Any CPU = Release|Any CPU
	EndGlobalSection
	GlobalSection(ProjectConfigurationPlatforms) = postSolution
		{BF1C145E-5FEB-D7A4-140B-C6D66F67BDFA}.Debug|Any CPU.ActiveCfg = Debug|Any CPU
		{BF1C145E-5FEB-D7A4-140B-C6D66F67BDFA}.Debug|Any CPU.Build.0 = Debug|Any CPU
		{BF1C145E-5FEB-D7A4-140B-C6D66F67BDFA}.Release|Any CPU.ActiveCfg = Release|Any CPU
		{BF1C145E-5FEB-D7A4-140B-C6D66F67BDFA}.Release|Any CPU.Build.0 = Release|Any CPU
		{B740D328-6BD0-E7C2-2401-34467FD8118A}.Debug|Any CPU.ActiveCfg = Debug|Any CPU
		{B740D328-6BD0-E7C2-2401-34467FD8118A}.Debug|Any CPU.Build.0 = Debug|Any CPU
		{B740D328-6BD0-E7C2-2401-34467FD8118A}.Release|Any CPU.ActiveCfg = Release|Any CPU
		{B740D328-6BD0-E7C2-2401-34467FD8118A}.Release|Any CPU.Build.0 = Release|Any CPU
		{9C737939-8B63-208C-B4B6-97C8C8888980}.Debug|Any CPU.ActiveCfg = Debug|Any CPU
		{9C737939-8B63-208C-B4B6-97C8C8888980}.Debug|Any CPU.Build.0 = Debug|Any CPU
		{9C737939-8B63-208C-B4B6-97C8C8888980}.Release|Any CPU.ActiveCfg = Release|Any CPU
		{9C737939-8B63-208C-B4B6-97C8C8888980}.Release|Any CPU.Build.0 = Release|Any CPU
	EndGlobalSection
	GlobalSection(SolutionProperties) = preSolution
		HideSolutionNode = FALSE
	EndGlobalSection
EndGlobal
